// !$*UTF8*$!
{
	archiveVersion = 1;
	classes = {
	};
	objectVersion = 50;
	objects = {

/* Begin PBXBuildFile section */
		5920C6AB252017D3003763BB /* main.swift in Sources */ = {isa = PBXBuildFile; fileRef = 5920C6AA252017D3003763BB /* main.swift */; };
		5920C6B2252018BF003763BB /* DungeonCharacter.swift in Sources */ = {isa = PBXBuildFile; fileRef = 5920C6B1252018BF003763BB /* DungeonCharacter.swift */; };
		5920C6B425201FF6003763BB /* Hero.swift in Sources */ = {isa = PBXBuildFile; fileRef = 5920C6B325201FF6003763BB /* Hero.swift */; };
		59F2DF682526583100AE6E74 /* Monster.swift in Sources */ = {isa = PBXBuildFile; fileRef = 59F2DF672526583100AE6E74 /* Monster.swift */; };
		59F2DF6A25265F9C00AE6E74 /* Warrior.swift in Sources */ = {isa = PBXBuildFile; fileRef = 59F2DF6925265F9C00AE6E74 /* Warrior.swift */; };
/* End PBXBuildFile section */

/* Begin PBXCopyFilesBuildPhase section */
		5920C6A5252017D3003763BB /* CopyFiles */ = {
			isa = PBXCopyFilesBuildPhase;
			buildActionMask = 2147483647;
			dstPath = /usr/share/man/man1/;
			dstSubfolderSpec = 0;
			files = (
			);
			runOnlyForDeploymentPostprocessing = 1;
		};
/* End PBXCopyFilesBuildPhase section */

/* Begin PBXFileReference section */
		5920C6A7252017D3003763BB /* Pa3 */ = {isa = PBXFileReference; explicitFileType = "compiled.mach-o.executable"; includeInIndex = 0; path = Pa3; sourceTree = BUILT_PRODUCTS_DIR; };
		5920C6AA252017D3003763BB /* main.swift */ = {isa = PBXFileReference; lastKnownFileType = sourcecode.swift; path = main.swift; sourceTree = "<group>"; };
		5920C6B1252018BF003763BB /* DungeonCharacter.swift */ = {isa = PBXFileReference; lastKnownFileType = sourcecode.swift; path = DungeonCharacter.swift; sourceTree = "<group>"; };
		5920C6B325201FF6003763BB /* Hero.swift */ = {isa = PBXFileReference; lastKnownFileType = sourcecode.swift; path = Hero.swift; sourceTree = "<group>"; };
		59F2DF672526583100AE6E74 /* Monster.swift */ = {isa = PBXFileReference; lastKnownFileType = sourcecode.swift; path = Monster.swift; sourceTree = "<group>"; };
		59F2DF6925265F9C00AE6E74 /* Warrior.swift */ = {isa = PBXFileReference; lastKnownFileType = sourcecode.swift; path = Warrior.swift; sourceTree = "<group>"; };
/* End PBXFileReference section */

/* Begin PBXFrameworksBuildPhase section */
		5920C6A4252017D3003763BB /* Frameworks */ = {
			isa = PBXFrameworksBuildPhase;
			buildActionMask = 2147483647;
			files = (
			);
			runOnlyForDeploymentPostprocessing = 0;
		};
/* End PBXFrameworksBuildPhase section */

/* Begin PBXGroup section */
		5920C69E252017D3003763BB = {
			isa = PBXGroup;
			children = (
				5920C6A9252017D3003763BB /* Pa3 */,
				5920C6A8252017D3003763BB /* Products */,
			);
			sourceTree = "<group>";
		};
		5920C6A8252017D3003763BB /* Products */ = {
			isa = PBXGroup;
			children = (
				5920C6A7252017D3003763BB /* Pa3 */,
			);
			name = Products;
			sourceTree = "<group>";
		};
		5920C6A9252017D3003763BB /* Pa3 */ = {
			isa = PBXGroup;
			children = (
				5920C6AA252017D3003763BB /* main.swift */,
				5920C6B1252018BF003763BB /* DungeonCharacter.swift */,
				5920C6B325201FF6003763BB /* Hero.swift */,
				59F2DF672526583100AE6E74 /* Monster.swift */,
				59F2DF6925265F9C00AE6E74 /* Warrior.swift */,
			);
			path = Pa3;
			sourceTree = "<group>";
		};
/* End PBXGroup section */

/* Begin PBXNativeTarget section */
		5920C6A6252017D3003763BB /* Pa3 */ = {
			isa = PBXNativeTarget;
			buildConfigurationList = 5920C6AE252017D3003763BB /* Build configuration list for PBXNativeTarget "Pa3" */;
			buildPhases = (
				5920C6A3252017D3003763BB /* Sources */,
				5920C6A4252017D3003763BB /* Frameworks */,
				5920C6A5252017D3003763BB /* CopyFiles */,
			);
			buildRules = (
			);
			dependencies = (
			);
			name = Pa3;
			productName = Pa3;
			productReference = 5920C6A7252017D3003763BB /* Pa3 */;
			productType = "com.apple.product-type.tool";
		};
/* End PBXNativeTarget section */

/* Begin PBXProject section */
		5920C69F252017D3003763BB /* Project object */ = {
			isa = PBXProject;
			attributes = {
				LastSwiftUpdateCheck = 1160;
				LastUpgradeCheck = 1160;
				ORGANIZATIONNAME = "Walker, Charles Milton";
				TargetAttributes = {
					5920C6A6252017D3003763BB = {
						CreatedOnToolsVersion = 11.6;
					};
				};
			};
			buildConfigurationList = 5920C6A2252017D3003763BB /* Build configuration list for PBXProject "Pa3" */;
			compatibilityVersion = "Xcode 9.3";
			developmentRegion = en;
			hasScannedForEncodings = 0;
			knownRegions = (
				en,
				Base,
			);
			mainGroup = 5920C69E252017D3003763BB;
			productRefGroup = 5920C6A8252017D3003763BB /* Products */;
			projectDirPath = "";
			projectRoot = "";
			targets = (
				5920C6A6252017D3003763BB /* Pa3 */,
			);
		};
/* End PBXProject section */

/* Begin PBXSourcesBuildPhase section */
		5920C6A3252017D3003763BB /* Sources */ = {
			isa = PBXSourcesBuildPhase;
			buildActionMask = 2147483647;
			files = (
				59F2DF682526583100AE6E74 /* Monster.swift in Sources */,
				59F2DF6A25265F9C00AE6E74 /* Warrior.swift in Sources */,
				5920C6B2252018BF003763BB /* DungeonCharacter.swift in Sources */,
				5920C6AB252017D3003763BB /* main.swift in Sources */,
				5920C6B425201FF6003763BB /* Hero.swift in Sources */,
			);
			runOnlyForDeploymentPostprocessing = 0;
		};
/* End PBXSourcesBuildPhase section */

/* Begin XCBuildConfiguration section */
		5920C6AC252017D3003763BB /* Debug */ = {
			isa = XCBuildConfiguration;
			buildSettings = {
				ALWAYS_SEARCH_USER_PATHS = NO;
				CLANG_ANALYZER_NONNULL = YES;
				CLANG_ANALYZER_NUMBER_OBJECT_CONVERSION = YES_AGGRESSIVE;
				CLANG_CXX_LANGUAGE_STANDARD = "gnu++14";
				CLANG_CXX_LIBRARY = "libc++";
				CLANG_ENABLE_MODULES = YES;
				CLANG_ENABLE_OBJC_ARC = YES;
				CLANG_ENABLE_OBJC_WEAK = YES;
				CLANG_WARN_BLOCK_CAPTURE_AUTORELEASING = YES;
				CLANG_WARN_BOOL_CONVERSION = YES;
				CLANG_WARN_COMMA = YES;
				CLANG_WARN_CONSTANT_CONVERSION = YES;
				CLANG_WARN_DEPRECATED_OBJC_IMPLEMENTATIONS = YES;
				CLANG_WARN_DIRECT_OBJC_ISA_USAGE = YES_ERROR;
				CLANG_WARN_DOCUMENTATION_COMMENTS = YES;
				CLANG_WARN_EMPTY_BODY = YES;
				CLANG_WARN_ENUM_CONVERSION = YES;
				CLANG_WARN_INFINITE_RECURSION = YES;
				CLANG_WARN_INT_CONVERSION = YES;
				CLANG_WARN_NON_LITERAL_NULL_CONVERSION = YES;
				CLANG_WARN_OBJC_IMPLICIT_RETAIN_SELF = YES;
				CLANG_WARN_OBJC_LITERAL_CONVERSION = YES;
				CLANG_WARN_OBJC_ROOT_CLASS = YES_ERROR;
				CLANG_WARN_RANGE_LOOP_ANALYSIS = YES;
				CLANG_WARN_STRICT_PROTOTYPES = YES;
				CLANG_WARN_SUSPICIOUS_MOVE = YES;
				CLANG_WARN_UNGUARDED_AVAILABILITY = YES_AGGRESSIVE;
				CLANG_WARN_UNREACHABLE_CODE = YES;
				CLANG_WARN__DUPLICATE_METHOD_MATCH = YES;
				COPY_PHASE_STRIP = NO;
				DEBUG_INFORMATION_FORMAT = dwarf;
				ENABLE_STRICT_OBJC_MSGSEND = YES;
				ENABLE_TESTABILITY = YES;
				GCC_C_LANGUAGE_STANDARD = gnu11;
				GCC_DYNAMIC_NO_PIC = NO;
				GCC_NO_COMMON_BLOCKS = YES;
				GCC_OPTIMIZATION_LEVEL = 0;
				GCC_PREPROCESSOR_DEFINITIONS = (
					"DEBUG=1",
					"$(inherited)",
				);
				GCC_WARN_64_TO_32_BIT_CONVERSION = YES;
				GCC_WARN_ABOUT_RETURN_TYPE = YES_ERROR;
				GCC_WARN_UNDECLARED_SELECTOR = YES;
				GCC_WARN_UNINITIALIZED_AUTOS = YES_AGGRESSIVE;
				GCC_WARN_UNUSED_FUNCTION = YES;
				GCC_WARN_UNUSED_VARIABLE = YES;
				MACOSX_DEPLOYMENT_TARGET = 10.15;
				MTL_ENABLE_DEBUG_INFO = INCLUDE_SOURCE;
				MTL_FAST_MATH = YES;
				ONLY_ACTIVE_ARCH = YES;
				SDKROOT = macosx;
				SWIFT_ACTIVE_COMPILATION_CONDITIONS = DEBUG;
				SWIFT_OPTIMIZATION_LEVEL = "-Onone";
			};
			name = Debug;
		};
		5920C6AD252017D3003763BB /* Release */ = {
			isa = XCBuildConfiguration;
			buildSettings = {
				ALWAYS_SEARCH_USER_PATHS = NO;
				CLANG_ANALYZER_NONNULL = YES;
				CLANG_ANALYZER_NUMBER_OBJECT_CONVERSION = YES_AGGRESSIVE;
				CLANG_CXX_LANGUAGE_STANDARD = "gnu++14";
				CLANG_CXX_LIBRARY = "libc++";
				CLANG_ENABLE_MODULES = YES;
				CLANG_ENABLE_OBJC_ARC = YES;
				CLANG_ENABLE_OBJC_WEAK = YES;
				CLANG_WARN_BLOCK_CAPTURE_AUTORELEASING = YES;
				CLANG_WARN_BOOL_CONVERSION = YES;
				CLANG_WARN_COMMA = YES;
				CLANG_WARN_CONSTANT_CONVERSION = YES;
				CLANG_WARN_DEPRECATED_OBJC_IMPLEMENTATIONS = YES;
				CLANG_WARN_DIRECT_OBJC_ISA_USAGE = YES_ERROR;
				CLANG_WARN_DOCUMENTATION_COMMENTS = YES;
				CLANG_WARN_EMPTY_BODY = YES;
				CLANG_WARN_ENUM_CONVERSION = YES;
				CLANG_WARN_INFINITE_RECURSION = YES;
				CLANG_WARN_INT_CONVERSION = YES;
				CLANG_WARN_NON_LITERAL_NULL_CONVERSION = YES;
				CLANG_WARN_OBJC_IMPLICIT_RETAIN_SELF = YES;
				CLANG_WARN_OBJC_LITERAL_CONVERSION = YES;
				CLANG_WARN_OBJC_ROOT_CLASS = YES_ERROR;
				CLANG_WARN_RANGE_LOOP_ANALYSIS = YES;
				CLANG_WARN_STRICT_PROTOTYPES = YES;
				CLANG_WARN_SUSPICIOUS_MOVE = YES;
				CLANG_WARN_UNGUARDED_AVAILABILITY = YES_AGGRESSIVE;
				CLANG_WARN_UNREACHABLE_CODE = YES;
				CLANG_WARN__DUPLICATE_METHOD_MATCH = YES;
				COPY_PHASE_STRIP = NO;
				DEBUG_INFORMATION_FORMAT = "dwarf-with-dsym";
				ENABLE_NS_ASSERTIONS = NO;
				ENABLE_STRICT_OBJC_MSGSEND = YES;
				GCC_C_LANGUAGE_STANDARD = gnu11;
				GCC_NO_COMMON_BLOCKS = YES;
				GCC_WARN_64_TO_32_BIT_CONVERSION = YES;
				GCC_WARN_ABOUT_RETURN_TYPE = YES_ERROR;
				GCC_WARN_UNDECLARED_SELECTOR = YES;
				GCC_WARN_UNINITIALIZED_AUTOS = YES_AGGRESSIVE;
				GCC_WARN_UNUSED_FUNCTION = YES;
				GCC_WARN_UNUSED_VARIABLE = YES;
				MACOSX_DEPLOYMENT_TARGET = 10.15;
				MTL_ENABLE_DEBUG_INFO = NO;
				MTL_FAST_MATH = YES;
				SDKROOT = macosx;
				SWIFT_COMPILATION_MODE = wholemodule;
				SWIFT_OPTIMIZATION_LEVEL = "-O";
			};
			name = Release;
		};
		5920C6AF252017D3003763BB /* Debug */ = {
			isa = XCBuildConfiguration;
			buildSettings = {
				CODE_SIGN_STYLE = Automatic;
				PRODUCT_NAME = "$(TARGET_NAME)";
				SWIFT_VERSION = 5.0;
			};
			name = Debug;
		};
		5920C6B0252017D3003763BB /* Release */ = {
			isa = XCBuildConfiguration;
			buildSettings = {
				CODE_SIGN_STYLE = Automatic;
				PRODUCT_NAME = "$(TARGET_NAME)";
				SWIFT_VERSION = 5.0;
			};
			name = Release;
		};
/* End XCBuildConfiguration section */

/* Begin XCConfigurationList section */
		5920C6A2252017D3003763BB /* Build configuration list for PBXProject "Pa3" */ = {
			isa = XCConfigurationList;
			buildConfigurations = (
				5920C6AC252017D3003763BB /* Debug */,
				5920C6AD252017D3003763BB /* Release */,
			);
			defaultConfigurationIsVisible = 0;
			defaultConfigurationName = Release;
		};
		5920C6AE252017D3003763BB /* Build configuration list for PBXNativeTarget "Pa3" */ = {
			isa = XCConfigurationList;
			buildConfigurations = (
				5920C6AF252017D3003763BB /* Debug */,
				5920C6B0252017D3003763BB /* Release */,
			);
			defaultConfigurationIsVisible = 0;
			defaultConfigurationName = Release;
		};
/* End XCConfigurationList section */
	};
	rootObject = 5920C69F252017D3003763BB /* Project object */;
}
